
Microsoft Visual Studio Solution File, Format Version 12.00
Project("{FAE04EC0-301F-11D3-BF4B-00C04F79EFBC}") = "MinimalAPIEducation", "MinimalAPIEducation\MinimalAPIEducation.csproj", "{D99069CE-24BB-46C5-92B8-8F34B265F240}"
EndProject
Global
	GlobalSection(SolutionConfigurationPlatforms) = preSolution
		Debug|Any CPU = Debug|Any CPU
		Release|Any CPU = Release|Any CPU
	EndGlobalSection
	GlobalSection(ProjectConfigurationPlatforms) = postSolution
		{D99069CE-24BB-46C5-92B8-8F34B265F240}.Debug|Any CPU.ActiveCfg = Debug|Any CPU
		{D99069CE-24BB-46C5-92B8-8F34B265F240}.Debug|Any CPU.Build.0 = Debug|Any CPU
		{D99069CE-24BB-46C5-92B8-8F34B265F240}.Release|Any CPU.ActiveCfg = Release|Any CPU
		{D99069CE-24BB-46C5-92B8-8F34B265F240}.Release|Any CPU.Build.0 = Release|Any CPU
	EndGlobalSection
EndGlobal
